
Microsoft Visual Studio Solution File, Format Version 12.00
# Visual Studio Version 17
VisualStudioVersion = 17.13.35931.197 d17.13
MinimumVisualStudioVersion = 10.0.40219.1
Project("{FAE04EC0-301F-11D3-BF4B-00C04F79EFBC}") = "home", "home.csproj", "{BB621EBC-819C-4478-BE49-69D110A42914}"
EndProject
Global
	GlobalSection(SolutionConfigurationPlatforms) = preSolution
		Debug|Any CPU = Debug|Any CPU
		Release|Any CPU = Release|Any CPU
	EndGlobalSection
	GlobalSection(ProjectConfigurationPlatforms) = postSolution
		{BB621EBC-819C-4478-BE49-69D110A42914}.Debug|Any CPU.ActiveCfg = Debug|Any CPU
		{BB621EBC-819C-4478-BE49-69D110A42914}.Debug|Any CPU.Build.0 = Debug|Any CPU
		{BB621EBC-819C-4478-BE49-69D110A42914}.Release|Any CPU.ActiveCfg = Release|Any CPU
		{BB621EBC-819C-4478-BE49-69D110A42914}.Release|Any CPU.Build.0 = Release|Any CPU
	EndGlobalSection
	GlobalSection(SolutionProperties) = preSolution
		HideSolutionNode = FALSE
	EndGlobalSection
	GlobalSection(ExtensibilityGlobals) = postSolution
		SolutionGuid = {8350E950-4FC0-4E74-82A3-73E73A9EEE41}
	EndGlobalSection
EndGlobal
